
Microsoft Visual Studio Solution File, Format Version 12.00
# Visual Studio Version 17
VisualStudioVersion = 17.3.32708.82
MinimumVisualStudioVersion = 10.0.40219.1
Project("{9A19103F-16F7-4668-BE54-9A1E7A4F7556}") = "Api", "SignalR\Api.csproj", "{9F7620BC-4CA5-4243-89F9-01232D60767F}"
EndProject
Project("{FAE04EC0-301F-11D3-BF4B-00C04F79EFBC}") = "Application", "Application\Application.csproj", "{C449DAFC-94EC-4C58-A2FC-F80BF296F200}"
EndProject
Global
	GlobalSection(SolutionConfigurationPlatforms) = preSolution
		Debug|Any CPU = Debug|Any CPU
		Release|Any CPU = Release|Any CPU
	EndGlobalSection
	GlobalSection(ProjectConfigurationPlatforms) = postSolution
		{9F7620BC-4CA5-4243-89F9-01232D60767F}.Debug|Any CPU.ActiveCfg = Debug|Any CPU
		{9F7620BC-4CA5-4243-89F9-01232D60767F}.Debug|Any CPU.Build.0 = Debug|Any CPU
		{9F7620BC-4CA5-4243-89F9-01232D60767F}.Release|Any CPU.ActiveCfg = Release|Any CPU
		{9F7620BC-4CA5-4243-89F9-01232D60767F}.Release|Any CPU.Build.0 = Release|Any CPU
		{C449DAFC-94EC-4C58-A2FC-F80BF296F200}.Debug|Any CPU.ActiveCfg = Debug|Any CPU
		{C449DAFC-94EC-4C58-A2FC-F80BF296F200}.Debug|Any CPU.Build.0 = Debug|Any CPU
		{C449DAFC-94EC-4C58-A2FC-F80BF296F200}.Release|Any CPU.ActiveCfg = Release|Any CPU
		{C449DAFC-94EC-4C58-A2FC-F80BF296F200}.Release|Any CPU.Build.0 = Release|Any CPU
	EndGlobalSection
	GlobalSection(SolutionProperties) = preSolution
		HideSolutionNode = FALSE
	EndGlobalSection
	GlobalSection(ExtensibilityGlobals) = postSolution
		SolutionGuid = {3F483388-387C-4B08-BEE2-675775D24C24}
	EndGlobalSection
EndGlobal
